// !$*UTF8*$!
{
	archiveVersion = 1;
	classes = {
	};
	objectVersion = 50;
	objects = {

/* Begin PBXBuildFile section */
		2E12030122A63862004D6442 /* SVDSerive.m in Sources */ = {isa = PBXBuildFile; fileRef = 2E12030022A63862004D6442 /* SVDSerive.m */; };
		2E1F44EB22B229BE00E07E2D /* SecVerify.framework in Frameworks */ = {isa = PBXBuildFile; fileRef = 2E5099B32297D510000EE9A1 /* SecVerify.framework */; };
		2E1F44F322B2513100E07E2D /* SecVerifyDemoTests.m in Sources */ = {isa = PBXBuildFile; fileRef = 2E1F44F222B2513100E07E2D /* SecVerifyDemoTests.m */; };
		2E1F44FE22B25AE100E07E2D /* LaunchScreen.storyboard in Resources */ = {isa = PBXBuildFile; fileRef = 2E1F44FD22B25AE100E07E2D /* LaunchScreen.storyboard */; };
		2E379A2222A3BCF2003E872A /* SecVerify.bundle in Resources */ = {isa = PBXBuildFile; fileRef = 2E379A2122A3BAE4003E872A /* SecVerify.bundle */; };
		2E5099A52293E20C000EE9A1 /* TYRZResource.bundle in Resources */ = {isa = PBXBuildFile; fileRef = 2E50999B2293E20C000EE9A1 /* TYRZResource.bundle */; };
		2E5099A92293E20C000EE9A1 /* MOBFoundation.framework in Frameworks */ = {isa = PBXBuildFile; fileRef = 2E5099A32293E20C000EE9A1 /* MOBFoundation.framework */; };
		2E5099B62297D526000EE9A1 /* libc++.tbd in Frameworks */ = {isa = PBXBuildFile; fileRef = 2E5099B52297D526000EE9A1 /* libc++.tbd */; };
		2E5E00C9228D6AF500A4BE80 /* AppDelegate.m in Sources */ = {isa = PBXBuildFile; fileRef = 2E5E00C8228D6AF500A4BE80 /* AppDelegate.m */; };
		2E5E00D1228D6AF600A4BE80 /* Assets.xcassets in Resources */ = {isa = PBXBuildFile; fileRef = 2E5E00D0228D6AF600A4BE80 /* Assets.xcassets */; };
		2E5E00D7228D6AF600A4BE80 /* main.m in Sources */ = {isa = PBXBuildFile; fileRef = 2E5E00D6228D6AF600A4BE80 /* main.m */; };
		2EA289FB22A006740095D259 /* AFURLResponseSerialization.m in Sources */ = {isa = PBXBuildFile; fileRef = 2EA289F122A006730095D259 /* AFURLResponseSerialization.m */; };
		2EA289FC22A006740095D259 /* AFHTTPSessionManager.m in Sources */ = {isa = PBXBuildFile; fileRef = 2EA289F222A006730095D259 /* AFHTTPSessionManager.m */; };
		2EA289FD22A006740095D259 /* AFURLSessionManager.m in Sources */ = {isa = PBXBuildFile; fileRef = 2EA289F422A006730095D259 /* AFURLSessionManager.m */; };
		2EA289FE22A006740095D259 /* AFURLRequestSerialization.m in Sources */ = {isa = PBXBuildFile; fileRef = 2EA289F522A006730095D259 /* AFURLRequestSerialization.m */; };
		2EA289FF22A006740095D259 /* AFNetworkReachabilityManager.m in Sources */ = {isa = PBXBuildFile; fileRef = 2EA289F722A006730095D259 /* AFNetworkReachabilityManager.m */; };
		2EA28A0022A006740095D259 /* AFSecurityPolicy.m in Sources */ = {isa = PBXBuildFile; fileRef = 2EA289F822A006730095D259 /* AFSecurityPolicy.m */; };
		2EBBDC60229EB56200931EB2 /* TYRZSDK.framework in Frameworks */ = {isa = PBXBuildFile; fileRef = 2EBBDC5F229EB56200931EB2 /* TYRZSDK.framework */; };
		2EBF5ABD22A0E4A400433C61 /* FLAnimatedImage.m in Sources */ = {isa = PBXBuildFile; fileRef = 2EBF5AB922A0E4A400433C61 /* FLAnimatedImage.m */; };
		2EBF5ABE22A0E4A400433C61 /* FLAnimatedImageView.m in Sources */ = {isa = PBXBuildFile; fileRef = 2EBF5ABA22A0E4A400433C61 /* FLAnimatedImageView.m */; };
		2EBF5AC722A0E80800433C61 /* SVDVerifyViewController.m in Sources */ = {isa = PBXBuildFile; fileRef = 2EBF5AC622A0E80800433C61 /* SVDVerifyViewController.m */; };
		2EBF5ACF22A0F4CD00433C61 /* GIF.gif in Resources */ = {isa = PBXBuildFile; fileRef = 2EBF5ACD22A0F4CD00433C61 /* GIF.gif */; };
		2EBF5AD222A0F85600433C61 /* SVDSuccessViewController.m in Sources */ = {isa = PBXBuildFile; fileRef = 2EBF5AD122A0F85600433C61 /* SVDSuccessViewController.m */; };
		8D1D484422BBA728008561DA /* LICENSE in Resources */ = {isa = PBXBuildFile; fileRef = 8D1D482822BBA728008561DA /* LICENSE */; };
		8D1D484522BBA728008561DA /* NSLayoutConstraint+MASDebugAdditions.m in Sources */ = {isa = PBXBuildFile; fileRef = 8D1D482B22BBA728008561DA /* NSLayoutConstraint+MASDebugAdditions.m */; };
		8D1D484622BBA728008561DA /* ViewController+MASAdditions.m in Sources */ = {isa = PBXBuildFile; fileRef = 8D1D483422BBA728008561DA /* ViewController+MASAdditions.m */; };
		8D1D484722BBA728008561DA /* MASCompositeConstraint.m in Sources */ = {isa = PBXBuildFile; fileRef = 8D1D483822BBA728008561DA /* MASCompositeConstraint.m */; };
		8D1D484822BBA728008561DA /* MASConstraintMaker.m in Sources */ = {isa = PBXBuildFile; fileRef = 8D1D483922BBA728008561DA /* MASConstraintMaker.m */; };
		8D1D484922BBA728008561DA /* MASLayoutConstraint.m in Sources */ = {isa = PBXBuildFile; fileRef = 8D1D483A22BBA728008561DA /* MASLayoutConstraint.m */; };
		8D1D484A22BBA728008561DA /* NSArray+MASAdditions.m in Sources */ = {isa = PBXBuildFile; fileRef = 8D1D483B22BBA728008561DA /* NSArray+MASAdditions.m */; };
		8D1D484B22BBA728008561DA /* View+MASAdditions.m in Sources */ = {isa = PBXBuildFile; fileRef = 8D1D483C22BBA728008561DA /* View+MASAdditions.m */; };
		8D1D484C22BBA728008561DA /* MASConstraint.m in Sources */ = {isa = PBXBuildFile; fileRef = 8D1D483F22BBA728008561DA /* MASConstraint.m */; };
		8D1D484D22BBA728008561DA /* MASViewConstraint.m in Sources */ = {isa = PBXBuildFile; fileRef = 8D1D484122BBA728008561DA /* MASViewConstraint.m */; };
		8D1D484E22BBA728008561DA /* MASViewAttribute.m in Sources */ = {isa = PBXBuildFile; fileRef = 8D1D484222BBA728008561DA /* MASViewAttribute.m */; };
		8D1D484F22BBA728008561DA /* README.md in Resources */ = {isa = PBXBuildFile; fileRef = 8D1D484322BBA728008561DA /* README.md */; };
		8D60F3C622E56E670030A0D9 /* SVRadialGradientLayer.m in Sources */ = {isa = PBXBuildFile; fileRef = 8D60F3BC22E56E670030A0D9 /* SVRadialGradientLayer.m */; };
		8D60F3C722E56E670030A0D9 /* SVProgressAnimatedView.m in Sources */ = {isa = PBXBuildFile; fileRef = 8D60F3BF22E56E670030A0D9 /* SVProgressAnimatedView.m */; };
		8D60F3C822E56E670030A0D9 /* SVProgressHUD.m in Sources */ = {isa = PBXBuildFile; fileRef = 8D60F3C222E56E670030A0D9 /* SVProgressHUD.m */; };
		8D60F3C922E56E670030A0D9 /* SVIndefiniteAnimatedView.m in Sources */ = {isa = PBXBuildFile; fileRef = 8D60F3C322E56E670030A0D9 /* SVIndefiniteAnimatedView.m */; };
		8D60F3CA22E56E670030A0D9 /* SVProgressHUD.bundle in Resources */ = {isa = PBXBuildFile; fileRef = 8D60F3C422E56E670030A0D9 /* SVProgressHUD.bundle */; };
		912109832306693F00985770 /* SystemConfiguration.framework in Frameworks */ = {isa = PBXBuildFile; fileRef = 912109822306693E00985770 /* SystemConfiguration.framework */; };
		912109852306695600985770 /* Security.framework in Frameworks */ = {isa = PBXBuildFile; fileRef = 912109842306695600985770 /* Security.framework */; };
		912109872306697A00985770 /* libz.tbd in Frameworks */ = {isa = PBXBuildFile; fileRef = 912109862306697900985770 /* libz.tbd */; };
		917A8BBA230F9FF000F96469 /* OAuth.framework in Frameworks */ = {isa = PBXBuildFile; fileRef = 917A8BB9230F9FF000F96469 /* OAuth.framework */; };
		91AA463B23068DFA007DF37C /* Bugly.framework in Frameworks */ = {isa = PBXBuildFile; fileRef = 91AA463A23068DFA007DF37C /* Bugly.framework */; };
		91E519AB231376A500F102A4 /* EAccountOpenPageResource.bundle in Resources */ = {isa = PBXBuildFile; fileRef = 91E519A9231376A500F102A4 /* EAccountOpenPageResource.bundle */; };
		91E519BA2313D00300F102A4 /* EAccountHYSDK.framework in Frameworks */ = {isa = PBXBuildFile; fileRef = 91E519B92313D00300F102A4 /* EAccountHYSDK.framework */; };
/* End PBXBuildFile section */

/* Begin PBXContainerItemProxy section */
		2E1F44F522B2513100E07E2D /* PBXContainerItemProxy */ = {
			isa = PBXContainerItemProxy;
			containerPortal = 2E5E00BC228D6AF400A4BE80 /* Project object */;
			proxyType = 1;
			remoteGlobalIDString = 2E5E00C3228D6AF400A4BE80;
			remoteInfo = SecVerifyDemo;
		};
/* End PBXContainerItemProxy section */

/* Begin PBXFileReference section */
		2E1202FF22A63862004D6442 /* SVDSerive.h */ = {isa = PBXFileReference; lastKnownFileType = sourcecode.c.h; path = SVDSerive.h; sourceTree = "<group>"; };
		2E12030022A63862004D6442 /* SVDSerive.m */ = {isa = PBXFileReference; lastKnownFileType = sourcecode.c.objc; path = SVDSerive.m; sourceTree = "<group>"; };
		2E1F44F022B2513000E07E2D /* SecVerifyDemoTests.xctest */ = {isa = PBXFileReference; explicitFileType = wrapper.cfbundle; includeInIndex = 0; path = SecVerifyDemoTests.xctest; sourceTree = BUILT_PRODUCTS_DIR; };
		2E1F44F222B2513100E07E2D /* SecVerifyDemoTests.m */ = {isa = PBXFileReference; lastKnownFileType = sourcecode.c.objc; path = SecVerifyDemoTests.m; sourceTree = "<group>"; };
		2E1F44F422B2513100E07E2D /* Info.plist */ = {isa = PBXFileReference; lastKnownFileType = text.plist.xml; path = Info.plist; sourceTree = "<group>"; };
		2E1F44FD22B25AE100E07E2D /* LaunchScreen.storyboard */ = {isa = PBXFileReference; fileEncoding = 4; lastKnownFileType = file.storyboard; path = LaunchScreen.storyboard; sourceTree = "<group>"; };
		2E379A2122A3BAE4003E872A /* SecVerify.bundle */ = {isa = PBXFileReference; lastKnownFileType = "wrapper.plug-in"; path = SecVerify.bundle; sourceTree = "<group>"; };
		2E379A2422A3DB7E003E872A /* SVDPrefixHeader.pch */ = {isa = PBXFileReference; lastKnownFileType = sourcecode.c.h; path = SVDPrefixHeader.pch; sourceTree = "<group>"; };
		2E50999B2293E20C000EE9A1 /* TYRZResource.bundle */ = {isa = PBXFileReference; lastKnownFileType = "wrapper.plug-in"; path = TYRZResource.bundle; sourceTree = "<group>"; };
		2E5099A32293E20C000EE9A1 /* MOBFoundation.framework */ = {isa = PBXFileReference; lastKnownFileType = wrapper.framework; path = MOBFoundation.framework; sourceTree = "<group>"; };
		2E5099B32297D510000EE9A1 /* SecVerify.framework */ = {isa = PBXFileReference; lastKnownFileType = wrapper.framework; name = SecVerify.framework; path = ../../SDK/SecVerify/SecVerify.framework; sourceTree = "<group>"; };
		2E5099B52297D526000EE9A1 /* libc++.tbd */ = {isa = PBXFileReference; lastKnownFileType = "sourcecode.text-based-dylib-definition"; name = "libc++.tbd"; path = "usr/lib/libc++.tbd"; sourceTree = SDKROOT; };
		2E5099B72297EBB3000EE9A1 /* SecVerify.framework */ = {isa = PBXFileReference; lastKnownFileType = wrapper.framework; path = SecVerify.framework; sourceTree = "<group>"; };
		2E5E00C4228D6AF400A4BE80 /* SecVerifyDemo.app */ = {isa = PBXFileReference; explicitFileType = wrapper.application; includeInIndex = 0; path = SecVerifyDemo.app; sourceTree = BUILT_PRODUCTS_DIR; };
		2E5E00C7228D6AF500A4BE80 /* AppDelegate.h */ = {isa = PBXFileReference; lastKnownFileType = sourcecode.c.h; path = AppDelegate.h; sourceTree = "<group>"; };
		2E5E00C8228D6AF500A4BE80 /* AppDelegate.m */ = {isa = PBXFileReference; lastKnownFileType = sourcecode.c.objc; path = AppDelegate.m; sourceTree = "<group>"; };
		2E5E00D0228D6AF600A4BE80 /* Assets.xcassets */ = {isa = PBXFileReference; lastKnownFileType = folder.assetcatalog; path = Assets.xcassets; sourceTree = "<group>"; };
		2E5E00D5228D6AF600A4BE80 /* Info.plist */ = {isa = PBXFileReference; lastKnownFileType = text.plist.xml; path = Info.plist; sourceTree = "<group>"; };
		2E5E00D6228D6AF600A4BE80 /* main.m */ = {isa = PBXFileReference; lastKnownFileType = sourcecode.c.objc; path = main.m; sourceTree = "<group>"; };
		2EA289ED22A006730095D259 /* AFSecurityPolicy.h */ = {isa = PBXFileReference; fileEncoding = 4; lastKnownFileType = sourcecode.c.h; path = AFSecurityPolicy.h; sourceTree = "<group>"; };
		2EA289EE22A006730095D259 /* AFNetworkReachabilityManager.h */ = {isa = PBXFileReference; fileEncoding = 4; lastKnownFileType = sourcecode.c.h; path = AFNetworkReachabilityManager.h; sourceTree = "<group>"; };
		2EA289EF22A006730095D259 /* AFURLSessionManager.h */ = {isa = PBXFileReference; fileEncoding = 4; lastKnownFileType = sourcecode.c.h; path = AFURLSessionManager.h; sourceTree = "<group>"; };
		2EA289F022A006730095D259 /* AFURLRequestSerialization.h */ = {isa = PBXFileReference; fileEncoding = 4; lastKnownFileType = sourcecode.c.h; path = AFURLRequestSerialization.h; sourceTree = "<group>"; };
		2EA289F122A006730095D259 /* AFURLResponseSerialization.m */ = {isa = PBXFileReference; fileEncoding = 4; lastKnownFileType = sourcecode.c.objc; path = AFURLResponseSerialization.m; sourceTree = "<group>"; };
		2EA289F222A006730095D259 /* AFHTTPSessionManager.m */ = {isa = PBXFileReference; fileEncoding = 4; lastKnownFileType = sourcecode.c.objc; path = AFHTTPSessionManager.m; sourceTree = "<group>"; };
		2EA289F322A006730095D259 /* AFURLResponseSerialization.h */ = {isa = PBXFileReference; fileEncoding = 4; lastKnownFileType = sourcecode.c.h; path = AFURLResponseSerialization.h; sourceTree = "<group>"; };
		2EA289F422A006730095D259 /* AFURLSessionManager.m */ = {isa = PBXFileReference; fileEncoding = 4; lastKnownFileType = sourcecode.c.objc; path = AFURLSessionManager.m; sourceTree = "<group>"; };
		2EA289F522A006730095D259 /* AFURLRequestSerialization.m */ = {isa = PBXFileReference; fileEncoding = 4; lastKnownFileType = sourcecode.c.objc; path = AFURLRequestSerialization.m; sourceTree = "<group>"; };
		2EA289F622A006730095D259 /* AFNetworking.h */ = {isa = PBXFileReference; fileEncoding = 4; lastKnownFileType = sourcecode.c.h; path = AFNetworking.h; sourceTree = "<group>"; };
		2EA289F722A006730095D259 /* AFNetworkReachabilityManager.m */ = {isa = PBXFileReference; fileEncoding = 4; lastKnownFileType = sourcecode.c.objc; path = AFNetworkReachabilityManager.m; sourceTree = "<group>"; };
		2EA289F822A006730095D259 /* AFSecurityPolicy.m */ = {isa = PBXFileReference; fileEncoding = 4; lastKnownFileType = sourcecode.c.objc; path = AFSecurityPolicy.m; sourceTree = "<group>"; };
		2EA289F922A006730095D259 /* AFCompatibilityMacros.h */ = {isa = PBXFileReference; fileEncoding = 4; lastKnownFileType = sourcecode.c.h; path = AFCompatibilityMacros.h; sourceTree = "<group>"; };
		2EA289FA22A006730095D259 /* AFHTTPSessionManager.h */ = {isa = PBXFileReference; fileEncoding = 4; lastKnownFileType = sourcecode.c.h; path = AFHTTPSessionManager.h; sourceTree = "<group>"; };
		2EBBDC5F229EB56200931EB2 /* TYRZSDK.framework */ = {isa = PBXFileReference; lastKnownFileType = wrapper.framework; path = TYRZSDK.framework; sourceTree = "<group>"; };
		2EBF5AB922A0E4A400433C61 /* FLAnimatedImage.m */ = {isa = PBXFileReference; fileEncoding = 4; lastKnownFileType = sourcecode.c.objc; path = FLAnimatedImage.m; sourceTree = "<group>"; };
		2EBF5ABA22A0E4A400433C61 /* FLAnimatedImageView.m */ = {isa = PBXFileReference; fileEncoding = 4; lastKnownFileType = sourcecode.c.objc; path = FLAnimatedImageView.m; sourceTree = "<group>"; };
		2EBF5ABB22A0E4A400433C61 /* FLAnimatedImage.h */ = {isa = PBXFileReference; fileEncoding = 4; lastKnownFileType = sourcecode.c.h; path = FLAnimatedImage.h; sourceTree = "<group>"; };
		2EBF5ABC22A0E4A400433C61 /* FLAnimatedImageView.h */ = {isa = PBXFileReference; fileEncoding = 4; lastKnownFileType = sourcecode.c.h; path = FLAnimatedImageView.h; sourceTree = "<group>"; };
		2EBF5AC522A0E80800433C61 /* SVDVerifyViewController.h */ = {isa = PBXFileReference; lastKnownFileType = sourcecode.c.h; path = SVDVerifyViewController.h; sourceTree = "<group>"; };
		2EBF5AC622A0E80800433C61 /* SVDVerifyViewController.m */ = {isa = PBXFileReference; lastKnownFileType = sourcecode.c.objc; path = SVDVerifyViewController.m; sourceTree = "<group>"; };
		2EBF5ACD22A0F4CD00433C61 /* GIF.gif */ = {isa = PBXFileReference; lastKnownFileType = image.gif; path = GIF.gif; sourceTree = "<group>"; };
		2EBF5AD022A0F85600433C61 /* SVDSuccessViewController.h */ = {isa = PBXFileReference; lastKnownFileType = sourcecode.c.h; path = SVDSuccessViewController.h; sourceTree = "<group>"; };
		2EBF5AD122A0F85600433C61 /* SVDSuccessViewController.m */ = {isa = PBXFileReference; lastKnownFileType = sourcecode.c.objc; path = SVDSuccessViewController.m; sourceTree = "<group>"; };
		8D1D482822BBA728008561DA /* LICENSE */ = {isa = PBXFileReference; fileEncoding = 4; lastKnownFileType = text; path = LICENSE; sourceTree = "<group>"; };
		8D1D482A22BBA728008561DA /* MASCompositeConstraint.h */ = {isa = PBXFileReference; fileEncoding = 4; lastKnownFileType = sourcecode.c.h; path = MASCompositeConstraint.h; sourceTree = "<group>"; };
		8D1D482B22BBA728008561DA /* NSLayoutConstraint+MASDebugAdditions.m */ = {isa = PBXFileReference; fileEncoding = 4; lastKnownFileType = sourcecode.c.objc; path = "NSLayoutConstraint+MASDebugAdditions.m"; sourceTree = "<group>"; };
		8D1D482C22BBA728008561DA /* MASConstraint+Private.h */ = {isa = PBXFileReference; fileEncoding = 4; lastKnownFileType = sourcecode.c.h; path = "MASConstraint+Private.h"; sourceTree = "<group>"; };
		8D1D482D22BBA728008561DA /* MASLayoutConstraint.h */ = {isa = PBXFileReference; fileEncoding = 4; lastKnownFileType = sourcecode.c.h; path = MASLayoutConstraint.h; sourceTree = "<group>"; };
		8D1D482E22BBA728008561DA /* NSArray+MASShorthandAdditions.h */ = {isa = PBXFileReference; fileEncoding = 4; lastKnownFileType = sourcecode.c.h; path = "NSArray+MASShorthandAdditions.h"; sourceTree = "<group>"; };
		8D1D482F22BBA728008561DA /* MASConstraintMaker.h */ = {isa = PBXFileReference; fileEncoding = 4; lastKnownFileType = sourcecode.c.h; path = MASConstraintMaker.h; sourceTree = "<group>"; };
		8D1D483022BBA728008561DA /* View+MASAdditions.h */ = {isa = PBXFileReference; fileEncoding = 4; lastKnownFileType = sourcecode.c.h; path = "View+MASAdditions.h"; sourceTree = "<group>"; };
		8D1D483122BBA728008561DA /* NSArray+MASAdditions.h */ = {isa = PBXFileReference; fileEncoding = 4; lastKnownFileType = sourcecode.c.h; path = "NSArray+MASAdditions.h"; sourceTree = "<group>"; };
		8D1D483222BBA728008561DA /* MASUtilities.h */ = {isa = PBXFileReference; fileEncoding = 4; lastKnownFileType = sourcecode.c.h; path = MASUtilities.h; sourceTree = "<group>"; };
		8D1D483322BBA728008561DA /* MASViewAttribute.h */ = {isa = PBXFileReference; fileEncoding = 4; lastKnownFileType = sourcecode.c.h; path = MASViewAttribute.h; sourceTree = "<group>"; };
		8D1D483422BBA728008561DA /* ViewController+MASAdditions.m */ = {isa = PBXFileReference; fileEncoding = 4; lastKnownFileType = sourcecode.c.objc; path = "ViewController+MASAdditions.m"; sourceTree = "<group>"; };
		8D1D483522BBA728008561DA /* MASViewConstraint.h */ = {isa = PBXFileReference; fileEncoding = 4; lastKnownFileType = sourcecode.c.h; path = MASViewConstraint.h; sourceTree = "<group>"; };
		8D1D483622BBA728008561DA /* MASConstraint.h */ = {isa = PBXFileReference; fileEncoding = 4; lastKnownFileType = sourcecode.c.h; path = MASConstraint.h; sourceTree = "<group>"; };
		8D1D483722BBA728008561DA /* NSLayoutConstraint+MASDebugAdditions.h */ = {isa = PBXFileReference; fileEncoding = 4; lastKnownFileType = sourcecode.c.h; path = "NSLayoutConstraint+MASDebugAdditions.h"; sourceTree = "<group>"; };
		8D1D483822BBA728008561DA /* MASCompositeConstraint.m */ = {isa = PBXFileReference; fileEncoding = 4; lastKnownFileType = sourcecode.c.objc; path = MASCompositeConstraint.m; sourceTree = "<group>"; };
		8D1D483922BBA728008561DA /* MASConstraintMaker.m */ = {isa = PBXFileReference; fileEncoding = 4; lastKnownFileType = sourcecode.c.objc; path = MASConstraintMaker.m; sourceTree = "<group>"; };
		8D1D483A22BBA728008561DA /* MASLayoutConstraint.m */ = {isa = PBXFileReference; fileEncoding = 4; lastKnownFileType = sourcecode.c.objc; path = MASLayoutConstraint.m; sourceTree = "<group>"; };
		8D1D483B22BBA728008561DA /* NSArray+MASAdditions.m */ = {isa = PBXFileReference; fileEncoding = 4; lastKnownFileType = sourcecode.c.objc; path = "NSArray+MASAdditions.m"; sourceTree = "<group>"; };
		8D1D483C22BBA728008561DA /* View+MASAdditions.m */ = {isa = PBXFileReference; fileEncoding = 4; lastKnownFileType = sourcecode.c.objc; path = "View+MASAdditions.m"; sourceTree = "<group>"; };
		8D1D483D22BBA728008561DA /* View+MASShorthandAdditions.h */ = {isa = PBXFileReference; fileEncoding = 4; lastKnownFileType = sourcecode.c.h; path = "View+MASShorthandAdditions.h"; sourceTree = "<group>"; };
		8D1D483E22BBA728008561DA /* Masonry.h */ = {isa = PBXFileReference; fileEncoding = 4; lastKnownFileType = sourcecode.c.h; path = Masonry.h; sourceTree = "<group>"; };
		8D1D483F22BBA728008561DA /* MASConstraint.m */ = {isa = PBXFileReference; fileEncoding = 4; lastKnownFileType = sourcecode.c.objc; path = MASConstraint.m; sourceTree = "<group>"; };
		8D1D484022BBA728008561DA /* ViewController+MASAdditions.h */ = {isa = PBXFileReference; fileEncoding = 4; lastKnownFileType = sourcecode.c.h; path = "ViewController+MASAdditions.h"; sourceTree = "<group>"; };
		8D1D484122BBA728008561DA /* MASViewConstraint.m */ = {isa = PBXFileReference; fileEncoding = 4; lastKnownFileType = sourcecode.c.objc; path = MASViewConstraint.m; sourceTree = "<group>"; };
		8D1D484222BBA728008561DA /* MASViewAttribute.m */ = {isa = PBXFileReference; fileEncoding = 4; lastKnownFileType = sourcecode.c.objc; path = MASViewAttribute.m; sourceTree = "<group>"; };
		8D1D484322BBA728008561DA /* README.md */ = {isa = PBXFileReference; fileEncoding = 4; lastKnownFileType = net.daringfireball.markdown; path = README.md; sourceTree = "<group>"; };
		8D60F3BC22E56E670030A0D9 /* SVRadialGradientLayer.m */ = {isa = PBXFileReference; fileEncoding = 4; lastKnownFileType = sourcecode.c.objc; path = SVRadialGradientLayer.m; sourceTree = "<group>"; };
		8D60F3BD22E56E670030A0D9 /* SVIndefiniteAnimatedView.h */ = {isa = PBXFileReference; fileEncoding = 4; lastKnownFileType = sourcecode.c.h; path = SVIndefiniteAnimatedView.h; sourceTree = "<group>"; };
		8D60F3BE22E56E670030A0D9 /* SVProgressHUD.h */ = {isa = PBXFileReference; fileEncoding = 4; lastKnownFileType = sourcecode.c.h; path = SVProgressHUD.h; sourceTree = "<group>"; };
		8D60F3BF22E56E670030A0D9 /* SVProgressAnimatedView.m */ = {isa = PBXFileReference; fileEncoding = 4; lastKnownFileType = sourcecode.c.objc; path = SVProgressAnimatedView.m; sourceTree = "<group>"; };
		8D60F3C022E56E670030A0D9 /* SVProgressHUD-Prefix.pch */ = {isa = PBXFileReference; fileEncoding = 4; lastKnownFileType = sourcecode.c.h; path = "SVProgressHUD-Prefix.pch"; sourceTree = "<group>"; };
		8D60F3C122E56E670030A0D9 /* SVRadialGradientLayer.h */ = {isa = PBXFileReference; fileEncoding = 4; lastKnownFileType = sourcecode.c.h; path = SVRadialGradientLayer.h; sourceTree = "<group>"; };
		8D60F3C222E56E670030A0D9 /* SVProgressHUD.m */ = {isa = PBXFileReference; fileEncoding = 4; lastKnownFileType = sourcecode.c.objc; path = SVProgressHUD.m; sourceTree = "<group>"; };
		8D60F3C322E56E670030A0D9 /* SVIndefiniteAnimatedView.m */ = {isa = PBXFileReference; fileEncoding = 4; lastKnownFileType = sourcecode.c.objc; path = SVIndefiniteAnimatedView.m; sourceTree = "<group>"; };
		8D60F3C422E56E670030A0D9 /* SVProgressHUD.bundle */ = {isa = PBXFileReference; lastKnownFileType = "wrapper.plug-in"; path = SVProgressHUD.bundle; sourceTree = "<group>"; };
		8D60F3C522E56E670030A0D9 /* SVProgressAnimatedView.h */ = {isa = PBXFileReference; fileEncoding = 4; lastKnownFileType = sourcecode.c.h; path = SVProgressAnimatedView.h; sourceTree = "<group>"; };
		912109822306693E00985770 /* SystemConfiguration.framework */ = {isa = PBXFileReference; lastKnownFileType = wrapper.framework; name = SystemConfiguration.framework; path = System/Library/Frameworks/SystemConfiguration.framework; sourceTree = SDKROOT; };
		912109842306695600985770 /* Security.framework */ = {isa = PBXFileReference; lastKnownFileType = wrapper.framework; name = Security.framework; path = System/Library/Frameworks/Security.framework; sourceTree = SDKROOT; };
		912109862306697900985770 /* libz.tbd */ = {isa = PBXFileReference; lastKnownFileType = "sourcecode.text-based-dylib-definition"; name = libz.tbd; path = usr/lib/libz.tbd; sourceTree = SDKROOT; };
		917A8BB9230F9FF000F96469 /* OAuth.framework */ = {isa = PBXFileReference; lastKnownFileType = wrapper.framework; path = OAuth.framework; sourceTree = "<group>"; };
		91AA463A23068DFA007DF37C /* Bugly.framework */ = {isa = PBXFileReference; lastKnownFileType = wrapper.framework; path = Bugly.framework; sourceTree = "<group>"; };
		91E519A9231376A500F102A4 /* EAccountOpenPageResource.bundle */ = {isa = PBXFileReference; lastKnownFileType = "wrapper.plug-in"; path = EAccountOpenPageResource.bundle; sourceTree = "<group>"; };
		91E519B92313D00300F102A4 /* EAccountHYSDK.framework */ = {isa = PBXFileReference; lastKnownFileType = wrapper.framework; path = EAccountHYSDK.framework; sourceTree = "<group>"; };
/* End PBXFileReference section */

/* Begin PBXFrameworksBuildPhase section */
		2E1F44ED22B2513000E07E2D /* Frameworks */ = {
			isa = PBXFrameworksBuildPhase;
			buildActionMask = 2147483647;
			files = (
			);
			runOnlyForDeploymentPostprocessing = 0;
		};
		2E5E00C1228D6AF400A4BE80 /* Frameworks */ = {
			isa = PBXFrameworksBuildPhase;
			buildActionMask = 2147483647;
			files = (
				91AA463B23068DFA007DF37C /* Bugly.framework in Frameworks */,
				912109872306697A00985770 /* libz.tbd in Frameworks */,
				912109852306695600985770 /* Security.framework in Frameworks */,
				912109832306693F00985770 /* SystemConfiguration.framework in Frameworks */,
				2E1F44EB22B229BE00E07E2D /* SecVerify.framework in Frameworks */,
				2E5099B62297D526000EE9A1 /* libc++.tbd in Frameworks */,
				91E519BA2313D00300F102A4 /* EAccountHYSDK.framework in Frameworks */,
				2E5099A92293E20C000EE9A1 /* MOBFoundation.framework in Frameworks */,
				2EBBDC60229EB56200931EB2 /* TYRZSDK.framework in Frameworks */,
				917A8BBA230F9FF000F96469 /* OAuth.framework in Frameworks */,
			);
			runOnlyForDeploymentPostprocessing = 0;
		};
/* End PBXFrameworksBuildPhase section */

/* Begin PBXGroup section */
		2E1F44F122B2513100E07E2D /* SecVerifyDemoTests */ = {
			isa = PBXGroup;
			children = (
				2E1F44F222B2513100E07E2D /* SecVerifyDemoTests.m */,
				2E1F44F422B2513100E07E2D /* Info.plist */,
			);
			path = SecVerifyDemoTests;
			sourceTree = "<group>";
		};
		2E379A2522A3DBD4003E872A /* ThirdLibs */ = {
			isa = PBXGroup;
			children = (
				91AA463A23068DFA007DF37C /* Bugly.framework */,
				8D60F3BB22E56E670030A0D9 /* SVProgressHUD */,
				8D1D482722BBA728008561DA /* Masonry */,
				2EBF5AB822A0E4A400433C61 /* FLAnimatedImage */,
				2EA289EC22A006730095D259 /* AFNetworking */,
			);
			path = ThirdLibs;
			sourceTree = "<group>";
		};
		2E5099952293E20C000EE9A1 /* SDK */ = {
			isa = PBXGroup;
			children = (
				2E5099962293E20C000EE9A1 /* SecVerify */,
				2E5099A22293E20C000EE9A1 /* Required */,
			);
			name = SDK;
			path = ../../../SDK;
			sourceTree = "<group>";
		};
		2E5099962293E20C000EE9A1 /* SecVerify */ = {
			isa = PBXGroup;
			children = (
				2E379A2122A3BAE4003E872A /* SecVerify.bundle */,
				2E5099B72297EBB3000EE9A1 /* SecVerify.framework */,
				2E5099972293E20C000EE9A1 /* PlatformSDK */,
			);
			path = SecVerify;
			sourceTree = "<group>";
		};
		2E5099972293E20C000EE9A1 /* PlatformSDK */ = {
			isa = PBXGroup;
			children = (
				2E5099982293E20C000EE9A1 /* Telecom */,
				2E50999A2293E20C000EE9A1 /* Mobile */,
				2E50999D2293E20C000EE9A1 /* Union */,
			);
			path = PlatformSDK;
			sourceTree = "<group>";
		};
		2E5099982293E20C000EE9A1 /* Telecom */ = {
			isa = PBXGroup;
			children = (
				91E519B92313D00300F102A4 /* EAccountHYSDK.framework */,
				91E519A9231376A500F102A4 /* EAccountOpenPageResource.bundle */,
			);
			path = Telecom;
			sourceTree = "<group>";
		};
		2E50999A2293E20C000EE9A1 /* Mobile */ = {
			isa = PBXGroup;
			children = (
				2EBBDC5F229EB56200931EB2 /* TYRZSDK.framework */,
				2E50999B2293E20C000EE9A1 /* TYRZResource.bundle */,
			);
			path = Mobile;
			sourceTree = "<group>";
		};
		2E50999D2293E20C000EE9A1 /* Union */ = {
			isa = PBXGroup;
			children = (
				917A8BB9230F9FF000F96469 /* OAuth.framework */,
			);
			path = Union;
			sourceTree = "<group>";
		};
		2E5099A22293E20C000EE9A1 /* Required */ = {
			isa = PBXGroup;
			children = (
				2E5099A32293E20C000EE9A1 /* MOBFoundation.framework */,
			);
			path = Required;
			sourceTree = "<group>";
		};
		2E5099B22297D510000EE9A1 /* Frameworks */ = {
			isa = PBXGroup;
			children = (
				912109862306697900985770 /* libz.tbd */,
				912109842306695600985770 /* Security.framework */,
				912109822306693E00985770 /* SystemConfiguration.framework */,
				2E5099B52297D526000EE9A1 /* libc++.tbd */,
				2E5099B32297D510000EE9A1 /* SecVerify.framework */,
			);
			name = Frameworks;
			sourceTree = "<group>";
		};
		2E5E00BB228D6AF400A4BE80 = {
			isa = PBXGroup;
			children = (
				2E5E00C6228D6AF400A4BE80 /* SecVerifyDemo */,
				2E1F44F122B2513100E07E2D /* SecVerifyDemoTests */,
				2E5E00C5228D6AF400A4BE80 /* Products */,
				2E5099B22297D510000EE9A1 /* Frameworks */,
			);
			sourceTree = "<group>";
		};
		2E5E00C5228D6AF400A4BE80 /* Products */ = {
			isa = PBXGroup;
			children = (
				2E5E00C4228D6AF400A4BE80 /* SecVerifyDemo.app */,
				2E1F44F022B2513000E07E2D /* SecVerifyDemoTests.xctest */,
			);
			name = Products;
			sourceTree = "<group>";
		};
		2E5E00C6228D6AF400A4BE80 /* SecVerifyDemo */ = {
			isa = PBXGroup;
			children = (
				2E5099952293E20C000EE9A1 /* SDK */,
				2E5E00C7228D6AF500A4BE80 /* AppDelegate.h */,
				2E5E00C8228D6AF500A4BE80 /* AppDelegate.m */,
				2EBF5AC522A0E80800433C61 /* SVDVerifyViewController.h */,
				2EBF5AC622A0E80800433C61 /* SVDVerifyViewController.m */,
				2EBF5AD022A0F85600433C61 /* SVDSuccessViewController.h */,
				2EBF5AD122A0F85600433C61 /* SVDSuccessViewController.m */,
				2E1202FF22A63862004D6442 /* SVDSerive.h */,
				2E12030022A63862004D6442 /* SVDSerive.m */,
				2E379A2422A3DB7E003E872A /* SVDPrefixHeader.pch */,
				2E379A2522A3DBD4003E872A /* ThirdLibs */,
				2E5E00D0228D6AF600A4BE80 /* Assets.xcassets */,
				2EBF5ACD22A0F4CD00433C61 /* GIF.gif */,
				2E1F44FD22B25AE100E07E2D /* LaunchScreen.storyboard */,
				2E5E00D5228D6AF600A4BE80 /* Info.plist */,
				2E5E00D6228D6AF600A4BE80 /* main.m */,
			);
			path = SecVerifyDemo;
			sourceTree = "<group>";
		};
		2EA289EC22A006730095D259 /* AFNetworking */ = {
			isa = PBXGroup;
			children = (
				2EA289ED22A006730095D259 /* AFSecurityPolicy.h */,
				2EA289EE22A006730095D259 /* AFNetworkReachabilityManager.h */,
				2EA289EF22A006730095D259 /* AFURLSessionManager.h */,
				2EA289F022A006730095D259 /* AFURLRequestSerialization.h */,
				2EA289F122A006730095D259 /* AFURLResponseSerialization.m */,
				2EA289F222A006730095D259 /* AFHTTPSessionManager.m */,
				2EA289F322A006730095D259 /* AFURLResponseSerialization.h */,
				2EA289F422A006730095D259 /* AFURLSessionManager.m */,
				2EA289F522A006730095D259 /* AFURLRequestSerialization.m */,
				2EA289F622A006730095D259 /* AFNetworking.h */,
				2EA289F722A006730095D259 /* AFNetworkReachabilityManager.m */,
				2EA289F822A006730095D259 /* AFSecurityPolicy.m */,
				2EA289F922A006730095D259 /* AFCompatibilityMacros.h */,
				2EA289FA22A006730095D259 /* AFHTTPSessionManager.h */,
			);
			path = AFNetworking;
			sourceTree = "<group>";
		};
		2EBF5AB822A0E4A400433C61 /* FLAnimatedImage */ = {
			isa = PBXGroup;
			children = (
				2EBF5AB922A0E4A400433C61 /* FLAnimatedImage.m */,
				2EBF5ABA22A0E4A400433C61 /* FLAnimatedImageView.m */,
				2EBF5ABB22A0E4A400433C61 /* FLAnimatedImage.h */,
				2EBF5ABC22A0E4A400433C61 /* FLAnimatedImageView.h */,
			);
			path = FLAnimatedImage;
			sourceTree = "<group>";
		};
		8D1D482722BBA728008561DA /* Masonry */ = {
			isa = PBXGroup;
			children = (
				8D1D482822BBA728008561DA /* LICENSE */,
				8D1D482922BBA728008561DA /* Masonry */,
				8D1D484322BBA728008561DA /* README.md */,
			);
			path = Masonry;
			sourceTree = "<group>";
		};
		8D1D482922BBA728008561DA /* Masonry */ = {
			isa = PBXGroup;
			children = (
				8D1D482A22BBA728008561DA /* MASCompositeConstraint.h */,
				8D1D482B22BBA728008561DA /* NSLayoutConstraint+MASDebugAdditions.m */,
				8D1D482C22BBA728008561DA /* MASConstraint+Private.h */,
				8D1D482D22BBA728008561DA /* MASLayoutConstraint.h */,
				8D1D482E22BBA728008561DA /* NSArray+MASShorthandAdditions.h */,
				8D1D482F22BBA728008561DA /* MASConstraintMaker.h */,
				8D1D483022BBA728008561DA /* View+MASAdditions.h */,
				8D1D483122BBA728008561DA /* NSArray+MASAdditions.h */,
				8D1D483222BBA728008561DA /* MASUtilities.h */,
				8D1D483322BBA728008561DA /* MASViewAttribute.h */,
				8D1D483422BBA728008561DA /* ViewController+MASAdditions.m */,
				8D1D483522BBA728008561DA /* MASViewConstraint.h */,
				8D1D483622BBA728008561DA /* MASConstraint.h */,
				8D1D483722BBA728008561DA /* NSLayoutConstraint+MASDebugAdditions.h */,
				8D1D483822BBA728008561DA /* MASCompositeConstraint.m */,
				8D1D483922BBA728008561DA /* MASConstraintMaker.m */,
				8D1D483A22BBA728008561DA /* MASLayoutConstraint.m */,
				8D1D483B22BBA728008561DA /* NSArray+MASAdditions.m */,
				8D1D483C22BBA728008561DA /* View+MASAdditions.m */,
				8D1D483D22BBA728008561DA /* View+MASShorthandAdditions.h */,
				8D1D483E22BBA728008561DA /* Masonry.h */,
				8D1D483F22BBA728008561DA /* MASConstraint.m */,
				8D1D484022BBA728008561DA /* ViewController+MASAdditions.h */,
				8D1D484122BBA728008561DA /* MASViewConstraint.m */,
				8D1D484222BBA728008561DA /* MASViewAttribute.m */,
			);
			path = Masonry;
			sourceTree = "<group>";
		};
		8D60F3BB22E56E670030A0D9 /* SVProgressHUD */ = {
			isa = PBXGroup;
			children = (
				8D60F3BC22E56E670030A0D9 /* SVRadialGradientLayer.m */,
				8D60F3BD22E56E670030A0D9 /* SVIndefiniteAnimatedView.h */,
				8D60F3BE22E56E670030A0D9 /* SVProgressHUD.h */,
				8D60F3BF22E56E670030A0D9 /* SVProgressAnimatedView.m */,
				8D60F3C022E56E670030A0D9 /* SVProgressHUD-Prefix.pch */,
				8D60F3C122E56E670030A0D9 /* SVRadialGradientLayer.h */,
				8D60F3C222E56E670030A0D9 /* SVProgressHUD.m */,
				8D60F3C322E56E670030A0D9 /* SVIndefiniteAnimatedView.m */,
				8D60F3C422E56E670030A0D9 /* SVProgressHUD.bundle */,
				8D60F3C522E56E670030A0D9 /* SVProgressAnimatedView.h */,
			);
			path = SVProgressHUD;
			sourceTree = "<group>";
		};
/* End PBXGroup section */

/* Begin PBXNativeTarget section */
		2E1F44EF22B2513000E07E2D /* SecVerifyDemoTests */ = {
			isa = PBXNativeTarget;
			buildConfigurationList = 2E1F44F922B2513100E07E2D /* Build configuration list for PBXNativeTarget "SecVerifyDemoTests" */;
			buildPhases = (
				2E1F44EC22B2513000E07E2D /* Sources */,
				2E1F44ED22B2513000E07E2D /* Frameworks */,
				2E1F44EE22B2513000E07E2D /* Resources */,
			);
			buildRules = (
			);
			dependencies = (
				2E1F44F622B2513100E07E2D /* PBXTargetDependency */,
			);
			name = SecVerifyDemoTests;
			productName = SecVerifyDemoTests;
			productReference = 2E1F44F022B2513000E07E2D /* SecVerifyDemoTests.xctest */;
			productType = "com.apple.product-type.bundle.unit-test";
		};
		2E5E00C3228D6AF400A4BE80 /* SecVerifyDemo */ = {
			isa = PBXNativeTarget;
			buildConfigurationList = 2E5E00DA228D6AF600A4BE80 /* Build configuration list for PBXNativeTarget "SecVerifyDemo" */;
			buildPhases = (
				2E5E00C0228D6AF400A4BE80 /* Sources */,
				2E5E00C1228D6AF400A4BE80 /* Frameworks */,
				2E5E00C2228D6AF400A4BE80 /* Resources */,
			);
			buildRules = (
			);
			dependencies = (
			);
			name = SecVerifyDemo;
			productName = SecVerifyDemo;
			productReference = 2E5E00C4228D6AF400A4BE80 /* SecVerifyDemo.app */;
			productType = "com.apple.product-type.application";
		};
/* End PBXNativeTarget section */

/* Begin PBXProject section */
		2E5E00BC228D6AF400A4BE80 /* Project object */ = {
			isa = PBXProject;
			attributes = {
				LastUpgradeCheck = 1010;
				ORGANIZATIONNAME = mob;
				TargetAttributes = {
					2E1F44EF22B2513000E07E2D = {
						CreatedOnToolsVersion = 10.1;
						TestTargetID = 2E5E00C3228D6AF400A4BE80;
					};
					2E5E00C3228D6AF400A4BE80 = {
						CreatedOnToolsVersion = 10.1;
					};
				};
			};
			buildConfigurationList = 2E5E00BF228D6AF400A4BE80 /* Build configuration list for PBXProject "SecVerifyDemo" */;
			compatibilityVersion = "Xcode 9.3";
			developmentRegion = en;
			hasScannedForEncodings = 0;
			knownRegions = (
				en,
				Base,
			);
			mainGroup = 2E5E00BB228D6AF400A4BE80;
			productRefGroup = 2E5E00C5228D6AF400A4BE80 /* Products */;
			projectDirPath = "";
			projectRoot = "";
			targets = (
				2E5E00C3228D6AF400A4BE80 /* SecVerifyDemo */,
				2E1F44EF22B2513000E07E2D /* SecVerifyDemoTests */,
			);
		};
/* End PBXProject section */

/* Begin PBXResourcesBuildPhase section */
		2E1F44EE22B2513000E07E2D /* Resources */ = {
			isa = PBXResourcesBuildPhase;
			buildActionMask = 2147483647;
			files = (
			);
			runOnlyForDeploymentPostprocessing = 0;
		};
		2E5E00C2228D6AF400A4BE80 /* Resources */ = {
			isa = PBXResourcesBuildPhase;
			buildActionMask = 2147483647;
			files = (
				2E379A2222A3BCF2003E872A /* SecVerify.bundle in Resources */,
				2E5099A52293E20C000EE9A1 /* TYRZResource.bundle in Resources */,
				8D1D484422BBA728008561DA /* LICENSE in Resources */,
				2E1F44FE22B25AE100E07E2D /* LaunchScreen.storyboard in Resources */,
				8D60F3CA22E56E670030A0D9 /* SVProgressHUD.bundle in Resources */,
				2EBF5ACF22A0F4CD00433C61 /* GIF.gif in Resources */,
				8D1D484F22BBA728008561DA /* README.md in Resources */,
				2E5E00D1228D6AF600A4BE80 /* Assets.xcassets in Resources */,
				91E519AB231376A500F102A4 /* EAccountOpenPageResource.bundle in Resources */,
			);
			runOnlyForDeploymentPostprocessing = 0;
		};
/* End PBXResourcesBuildPhase section */

/* Begin PBXSourcesBuildPhase section */
		2E1F44EC22B2513000E07E2D /* Sources */ = {
			isa = PBXSourcesBuildPhase;
			buildActionMask = 2147483647;
			files = (
				2E1F44F322B2513100E07E2D /* SecVerifyDemoTests.m in Sources */,
			);
			runOnlyForDeploymentPostprocessing = 0;
		};
		2E5E00C0228D6AF400A4BE80 /* Sources */ = {
			isa = PBXSourcesBuildPhase;
			buildActionMask = 2147483647;
			files = (
				2EBF5AD222A0F85600433C61 /* SVDSuccessViewController.m in Sources */,
				8D1D484D22BBA728008561DA /* MASViewConstraint.m in Sources */,
				8D1D484A22BBA728008561DA /* NSArray+MASAdditions.m in Sources */,
				2EBF5ABD22A0E4A400433C61 /* FLAnimatedImage.m in Sources */,
				2EA28A0022A006740095D259 /* AFSecurityPolicy.m in Sources */,
				8D60F3C822E56E670030A0D9 /* SVProgressHUD.m in Sources */,
				8D1D484E22BBA728008561DA /* MASViewAttribute.m in Sources */,
				2EBF5AC722A0E80800433C61 /* SVDVerifyViewController.m in Sources */,
				8D1D484C22BBA728008561DA /* MASConstraint.m in Sources */,
				8D60F3C622E56E670030A0D9 /* SVRadialGradientLayer.m in Sources */,
				2E5E00D7228D6AF600A4BE80 /* main.m in Sources */,
				2EA289FC22A006740095D259 /* AFHTTPSessionManager.m in Sources */,
				2EA289FD22A006740095D259 /* AFURLSessionManager.m in Sources */,
				8D1D484B22BBA728008561DA /* View+MASAdditions.m in Sources */,
				8D1D484822BBA728008561DA /* MASConstraintMaker.m in Sources */,
				2EA289FB22A006740095D259 /* AFURLResponseSerialization.m in Sources */,
				2EA289FE22A006740095D259 /* AFURLRequestSerialization.m in Sources */,
				8D1D484522BBA728008561DA /* NSLayoutConstraint+MASDebugAdditions.m in Sources */,
				8D60F3C922E56E670030A0D9 /* SVIndefiniteAnimatedView.m in Sources */,
				2E12030122A63862004D6442 /* SVDSerive.m in Sources */,
				8D60F3C722E56E670030A0D9 /* SVProgressAnimatedView.m in Sources */,
				8D1D484622BBA728008561DA /* ViewController+MASAdditions.m in Sources */,
				8D1D484722BBA728008561DA /* MASCompositeConstraint.m in Sources */,
				2EA289FF22A006740095D259 /* AFNetworkReachabilityManager.m in Sources */,
				2E5E00C9228D6AF500A4BE80 /* AppDelegate.m in Sources */,
				8D1D484922BBA728008561DA /* MASLayoutConstraint.m in Sources */,
				2EBF5ABE22A0E4A400433C61 /* FLAnimatedImageView.m in Sources */,
			);
			runOnlyForDeploymentPostprocessing = 0;
		};
/* End PBXSourcesBuildPhase section */

/* Begin PBXTargetDependency section */
		2E1F44F622B2513100E07E2D /* PBXTargetDependency */ = {
			isa = PBXTargetDependency;
			target = 2E5E00C3228D6AF400A4BE80 /* SecVerifyDemo */;
			targetProxy = 2E1F44F522B2513100E07E2D /* PBXContainerItemProxy */;
		};
/* End PBXTargetDependency section */

/* Begin XCBuildConfiguration section */
		2E1F44F722B2513100E07E2D /* Debug */ = {
			isa = XCBuildConfiguration;
			buildSettings = {
				BUNDLE_LOADER = "$(TEST_HOST)";
				CODE_SIGN_IDENTITY = "iPhone Developer";
				CODE_SIGN_STYLE = Automatic;
				DEVELOPMENT_TEAM = LW5266U92D;
				ENABLE_BITCODE = NO;
				FRAMEWORK_SEARCH_PATHS = "$(SRCROOT)/../../SDK/**";
				INFOPLIST_FILE = SecVerifyDemoTests/Info.plist;
				IPHONEOS_DEPLOYMENT_TARGET = 8.0;
				LD_RUNPATH_SEARCH_PATHS = (
					"$(inherited)",
					"@executable_path/Frameworks",
					"@loader_path/Frameworks",
				);
				PRODUCT_BUNDLE_IDENTIFIER = com.mob.SecVerifyDemoTests;
				PRODUCT_NAME = "$(TARGET_NAME)";
				PROVISIONING_PROFILE_SPECIFIER = "";
				TARGETED_DEVICE_FAMILY = "1,2";
				TEST_HOST = "$(BUILT_PRODUCTS_DIR)/SecVerifyDemo.app/SecVerifyDemo";
			};
			name = Debug;
		};
		2E1F44F822B2513100E07E2D /* Release */ = {
			isa = XCBuildConfiguration;
			buildSettings = {
				BUNDLE_LOADER = "$(TEST_HOST)";
				CODE_SIGN_IDENTITY = "iPhone Developer";
				CODE_SIGN_STYLE = Automatic;
				DEVELOPMENT_TEAM = LW5266U92D;
				ENABLE_BITCODE = NO;
				FRAMEWORK_SEARCH_PATHS = "$(SRCROOT)/../../SDK/**";
				INFOPLIST_FILE = SecVerifyDemoTests/Info.plist;
				IPHONEOS_DEPLOYMENT_TARGET = 8.0;
				LD_RUNPATH_SEARCH_PATHS = (
					"$(inherited)",
					"@executable_path/Frameworks",
					"@loader_path/Frameworks",
				);
				PRODUCT_BUNDLE_IDENTIFIER = com.mob.SecVerifyDemoTests;
				PRODUCT_NAME = "$(TARGET_NAME)";
				PROVISIONING_PROFILE_SPECIFIER = "";
				TARGETED_DEVICE_FAMILY = "1,2";
				TEST_HOST = "$(BUILT_PRODUCTS_DIR)/SecVerifyDemo.app/SecVerifyDemo";
			};
			name = Release;
		};
		2E5E00D8228D6AF600A4BE80 /* Debug */ = {
			isa = XCBuildConfiguration;
			buildSettings = {
				ALWAYS_SEARCH_USER_PATHS = NO;
				CLANG_ANALYZER_NONNULL = YES;
				CLANG_ANALYZER_NUMBER_OBJECT_CONVERSION = YES_AGGRESSIVE;
				CLANG_CXX_LANGUAGE_STANDARD = "gnu++14";
				CLANG_CXX_LIBRARY = "libc++";
				CLANG_ENABLE_MODULES = YES;
				CLANG_ENABLE_OBJC_ARC = YES;
				CLANG_ENABLE_OBJC_WEAK = YES;
				CLANG_WARN_BLOCK_CAPTURE_AUTORELEASING = YES;
				CLANG_WARN_BOOL_CONVERSION = YES;
				CLANG_WARN_COMMA = YES;
				CLANG_WARN_CONSTANT_CONVERSION = YES;
				CLANG_WARN_DEPRECATED_OBJC_IMPLEMENTATIONS = YES;
				CLANG_WARN_DIRECT_OBJC_ISA_USAGE = YES_ERROR;
				CLANG_WARN_DOCUMENTATION_COMMENTS = YES;
				CLANG_WARN_EMPTY_BODY = YES;
				CLANG_WARN_ENUM_CONVERSION = YES;
				CLANG_WARN_INFINITE_RECURSION = YES;
				CLANG_WARN_INT_CONVERSION = YES;
				CLANG_WARN_NON_LITERAL_NULL_CONVERSION = YES;
				CLANG_WARN_OBJC_IMPLICIT_RETAIN_SELF = YES;
				CLANG_WARN_OBJC_LITERAL_CONVERSION = YES;
				CLANG_WARN_OBJC_ROOT_CLASS = YES_ERROR;
				CLANG_WARN_RANGE_LOOP_ANALYSIS = YES;
				CLANG_WARN_STRICT_PROTOTYPES = YES;
				CLANG_WARN_SUSPICIOUS_MOVE = YES;
				CLANG_WARN_UNGUARDED_AVAILABILITY = YES_AGGRESSIVE;
				CLANG_WARN_UNREACHABLE_CODE = YES;
				CLANG_WARN__DUPLICATE_METHOD_MATCH = YES;
				CODE_SIGN_IDENTITY = "iPhone Developer";
				COPY_PHASE_STRIP = NO;
				DEBUG_INFORMATION_FORMAT = dwarf;
				ENABLE_STRICT_OBJC_MSGSEND = YES;
				ENABLE_TESTABILITY = YES;
				GCC_C_LANGUAGE_STANDARD = gnu11;
				GCC_DYNAMIC_NO_PIC = NO;
				GCC_NO_COMMON_BLOCKS = YES;
				GCC_OPTIMIZATION_LEVEL = 0;
				GCC_PREPROCESSOR_DEFINITIONS = (
					"DEBUG=1",
					"$(inherited)",
				);
				GCC_WARN_64_TO_32_BIT_CONVERSION = YES;
				GCC_WARN_ABOUT_RETURN_TYPE = YES_ERROR;
				GCC_WARN_UNDECLARED_SELECTOR = YES;
				GCC_WARN_UNINITIALIZED_AUTOS = YES_AGGRESSIVE;
				GCC_WARN_UNUSED_FUNCTION = YES;
				GCC_WARN_UNUSED_VARIABLE = YES;
				IPHONEOS_DEPLOYMENT_TARGET = 8.0;
				MTL_ENABLE_DEBUG_INFO = INCLUDE_SOURCE;
				MTL_FAST_MATH = YES;
				ONLY_ACTIVE_ARCH = YES;
				SDKROOT = iphoneos;
			};
			name = Debug;
		};
		2E5E00D9228D6AF600A4BE80 /* Release */ = {
			isa = XCBuildConfiguration;
			buildSettings = {
				ALWAYS_SEARCH_USER_PATHS = NO;
				CLANG_ANALYZER_NONNULL = YES;
				CLANG_ANALYZER_NUMBER_OBJECT_CONVERSION = YES_AGGRESSIVE;
				CLANG_CXX_LANGUAGE_STANDARD = "gnu++14";
				CLANG_CXX_LIBRARY = "libc++";
				CLANG_ENABLE_MODULES = YES;
				CLANG_ENABLE_OBJC_ARC = YES;
				CLANG_ENABLE_OBJC_WEAK = YES;
				CLANG_WARN_BLOCK_CAPTURE_AUTORELEASING = YES;
				CLANG_WARN_BOOL_CONVERSION = YES;
				CLANG_WARN_COMMA = YES;
				CLANG_WARN_CONSTANT_CONVERSION = YES;
				CLANG_WARN_DEPRECATED_OBJC_IMPLEMENTATIONS = YES;
				CLANG_WARN_DIRECT_OBJC_ISA_USAGE = YES_ERROR;
				CLANG_WARN_DOCUMENTATION_COMMENTS = YES;
				CLANG_WARN_EMPTY_BODY = YES;
				CLANG_WARN_ENUM_CONVERSION = YES;
				CLANG_WARN_INFINITE_RECURSION = YES;
				CLANG_WARN_INT_CONVERSION = YES;
				CLANG_WARN_NON_LITERAL_NULL_CONVERSION = YES;
				CLANG_WARN_OBJC_IMPLICIT_RETAIN_SELF = YES;
				CLANG_WARN_OBJC_LITERAL_CONVERSION = YES;
				CLANG_WARN_OBJC_ROOT_CLASS = YES_ERROR;
				CLANG_WARN_RANGE_LOOP_ANALYSIS = YES;
				CLANG_WARN_STRICT_PROTOTYPES = YES;
				CLANG_WARN_SUSPICIOUS_MOVE = YES;
				CLANG_WARN_UNGUARDED_AVAILABILITY = YES_AGGRESSIVE;
				CLANG_WARN_UNREACHABLE_CODE = YES;
				CLANG_WARN__DUPLICATE_METHOD_MATCH = YES;
				CODE_SIGN_IDENTITY = "iPhone Developer";
				COPY_PHASE_STRIP = NO;
				DEBUG_INFORMATION_FORMAT = "dwarf-with-dsym";
				ENABLE_NS_ASSERTIONS = NO;
				ENABLE_STRICT_OBJC_MSGSEND = YES;
				GCC_C_LANGUAGE_STANDARD = gnu11;
				GCC_NO_COMMON_BLOCKS = YES;
				GCC_WARN_64_TO_32_BIT_CONVERSION = YES;
				GCC_WARN_ABOUT_RETURN_TYPE = YES_ERROR;
				GCC_WARN_UNDECLARED_SELECTOR = YES;
				GCC_WARN_UNINITIALIZED_AUTOS = YES_AGGRESSIVE;
				GCC_WARN_UNUSED_FUNCTION = YES;
				GCC_WARN_UNUSED_VARIABLE = YES;
				IPHONEOS_DEPLOYMENT_TARGET = 8.0;
				MTL_ENABLE_DEBUG_INFO = NO;
				MTL_FAST_MATH = YES;
				SDKROOT = iphoneos;
				VALIDATE_PRODUCT = YES;
			};
			name = Release;
		};
		2E5E00DB228D6AF600A4BE80 /* Debug */ = {
			isa = XCBuildConfiguration;
			buildSettings = {
				ASSETCATALOG_COMPILER_APPICON_NAME = AppIcon;
				CODE_SIGN_IDENTITY = "iPhone Developer";
				CODE_SIGN_STYLE = Manual;
				DEBUG_INFORMATION_FORMAT = dwarf;
				DEVELOPMENT_TEAM = Q87QUX3533;
				ENABLE_BITCODE = YES;
				FRAMEWORK_SEARCH_PATHS = (
					"$(inherited)",
					"$(SRCROOT)/../../SDK/**",
					"$(PROJECT_DIR)/SecVerifyDemo/ThirdLibs",
				);
				GCC_PREFIX_HEADER = SecVerifyDemo/SVDPrefixHeader.pch;
				INFOPLIST_FILE = SecVerifyDemo/Info.plist;
				IPHONEOS_DEPLOYMENT_TARGET = 8.0;
				LD_RUNPATH_SEARCH_PATHS = (
					"$(inherited)",
					"@executable_path/Frameworks",
				);
				OTHER_LDFLAGS = "-ObjC";
				PRODUCT_BUNDLE_IDENTIFIER = com.mob.product.SecVerifyDemo;
				PRODUCT_NAME = "$(TARGET_NAME)";
				PROVISIONING_PROFILE = "b6271742-b4d8-4667-8da6-a4251b2d0ee5";
				PROVISIONING_PROFILE_SPECIFIER = MobProvisioningProfiles;
				TARGETED_DEVICE_FAMILY = "1,2";
			};
			name = Debug;
		};
		2E5E00DC228D6AF600A4BE80 /* Release */ = {
			isa = XCBuildConfiguration;
			buildSettings = {
				ASSETCATALOG_COMPILER_APPICON_NAME = AppIcon;
				CODE_SIGN_IDENTITY = "iPhone Distribution";
				CODE_SIGN_STYLE = Manual;
				DEVELOPMENT_TEAM = LW5266U92D;
				ENABLE_BITCODE = YES;
				FRAMEWORK_SEARCH_PATHS = (
					"$(inherited)",
					"$(SRCROOT)/../../SDK/**",
					"$(PROJECT_DIR)/SecVerifyDemo/ThirdLibs",
				);
				GCC_PREFIX_HEADER = SecVerifyDemo/SVDPrefixHeader.pch;
				INFOPLIST_FILE = SecVerifyDemo/Info.plist;
				IPHONEOS_DEPLOYMENT_TARGET = 8.0;
				LD_RUNPATH_SEARCH_PATHS = (
					"$(inherited)",
					"@executable_path/Frameworks",
				);
				OTHER_LDFLAGS = "-ObjC";
				PRODUCT_BUNDLE_IDENTIFIER = com.mob.product.SecVerifyDemo;
				PRODUCT_NAME = "$(TARGET_NAME)";
				PROVISIONING_PROFILE = "18027c7c-c255-4e5c-a848-85f71f2f3f8d";
				PROVISIONING_PROFILE_SPECIFIER = SecVerifyDis;
				TARGETED_DEVICE_FAMILY = "1,2";
			};
			name = Release;
		};
/* End XCBuildConfiguration section */

/* Begin XCConfigurationList section */
		2E1F44F922B2513100E07E2D /* Build configuration list for PBXNativeTarget "SecVerifyDemoTests" */ = {
			isa = XCConfigurationList;
			buildConfigurations = (
				2E1F44F722B2513100E07E2D /* Debug */,
				2E1F44F822B2513100E07E2D /* Release */,
			);
			defaultConfigurationIsVisible = 0;
			defaultConfigurationName = Release;
		};
		2E5E00BF228D6AF400A4BE80 /* Build configuration list for PBXProject "SecVerifyDemo" */ = {
			isa = XCConfigurationList;
			buildConfigurations = (
				2E5E00D8228D6AF600A4BE80 /* Debug */,
				2E5E00D9228D6AF600A4BE80 /* Release */,
			);
			defaultConfigurationIsVisible = 0;
			defaultConfigurationName = Release;
		};
		2E5E00DA228D6AF600A4BE80 /* Build configuration list for PBXNativeTarget "SecVerifyDemo" */ = {
			isa = XCConfigurationList;
			buildConfigurations = (
				2E5E00DB228D6AF600A4BE80 /* Debug */,
				2E5E00DC228D6AF600A4BE80 /* Release */,
			);
			defaultConfigurationIsVisible = 0;
			defaultConfigurationName = Release;
		};
/* End XCConfigurationList section */
	};
	rootObject = 2E5E00BC228D6AF400A4BE80 /* Project object */;
}
